<?xml version="1.0" encoding="utf-8"?>
<Project ToolsVersion="4.0" xmlns="http://schemas.microsoft.com/developer/msbuild/2003">
  <ItemGroup>
    <Filter Include="Source Files">
      <UniqueIdentifier>{4FC737F1-C7A5-4376-A066-2A32D752A2FF}</UniqueIdentifier>
      <Extensions>cpp;c;cc;cxx;c++;cppm;ixx;def;odl;idl;hpj;bat;asm;asmx</Extensions>
    </Filter>
    <Filter Include="Header Files">
      <UniqueIdentifier>{93995380-89BD-4b04-88EB-625FBE52EBFB}</UniqueIdentifier>
      <Extensions>h;hh;hpp;hxx;h++;hm;inl;inc;ipp;xsd</Extensions>
    </Filter>
    <Filter Include="Resource Files">
      <UniqueIdentifier>{67DA6AB6-F800-4c08-8B7A-83BB121AAD01}</UniqueIdentifier>
      <Extensions>rc;ico;cur;bmp;dlg;rc2;rct;bin;rgs;gif;jpg;jpeg;jpe;resx;tiff;tif;png;wav;mfcribbon-ms</Extensions>
    </Filter>
    <Filter Include="Source Files\Information">
      <UniqueIdentifier>{d1aeda62-a7a6-48e7-8945-384eac36a9af}</UniqueIdentifier>
    </Filter>
    <Filter Include="Source Files\Kernel">
      <UniqueIdentifier>{2ef18463-09bd-49c4-99d7-63f4e1462814}</UniqueIdentifier>
    </Filter>
    <Filter Include="Header Files\Java">
      <UniqueIdentifier>{c4081cfc-2793-41be-a77b-de86ac9a25e4}</UniqueIdentifier>
    </Filter>
    <Filter Include="Source Files\User">
      <UniqueIdentifier>{534af389-2f8c-4883-99aa-826d5ad24f92}</UniqueIdentifier>
    </Filter>
  </ItemGroup>
  <ItemGroup>
    <ClCompile Include="main.c">
      <Filter>Source Files</Filter>
    </ClCompile>
    <ClCompile Include="privilege.c">
      <Filter>Source Files</Filter>
    </ClCompile>
    <ClCompile Include="native_power.c">
      <Filter>Source Files</Filter>
    </ClCompile>
    <ClCompile Include="keylogger.c">
      <Filter>Source Files</Filter>
    </ClCompile>
    <ClCompile Include="register_native.c">
      <Filter>Source Files</Filter>
    </ClCompile>
    <ClCompile Include="native_critical.c">
      <Filter>Source Files</Filter>
    </ClCompile>
    <ClCompile Include="native_dialog.c">
      <Filter>Source Files</Filter>
    </ClCompile>
    <ClCompile Include="native_listprocess.c">
      <Filter>Source Files</Filter>
    </ClCompile>
    <ClCompile Include="native_volume.c">
      <Filter>Source Files</Filter>
    </ClCompile>
    <ClCompile Include="native_uiaccess.c">
      <Filter>Source Files</Filter>
    </ClCompile>
    <ClCompile Include="native_terminate.c">
      <Filter>Source Files</Filter>
    </ClCompile>
    <ClCompile Include="shutdown_handler.c">
      <Filter>Source Files</Filter>
    </ClCompile>
    <ClCompile Include="initialize.c">
      <Filter>Source Files</Filter>
    </ClCompile>
    <ClCompile Include="screen_freezer.c">
      <Filter>Source Files</Filter>
    </ClCompile>
    <ClCompile Include="native_machine_name.c">
      <Filter>Source Files</Filter>
    </ClCompile>
    <ClCompile Include="Information.c">
      <Filter>Source Files\Information</Filter>
    </ClCompile>
    <ClCompile Include="Information_getUserName.c">
      <Filter>Source Files\Information</Filter>
    </ClCompile>
    <ClCompile Include="Information_getMachineName.c">
      <Filter>Source Files\Information</Filter>
    </ClCompile>
    <ClCompile Include="Kernel.c">
      <Filter>Source Files\Kernel</Filter>
    </ClCompile>
    <ClCompile Include="KernelPower.c">
      <Filter>Source Files\Kernel</Filter>
    </ClCompile>
    <ClCompile Include="Kernel_setProcessCritical.c">
      <Filter>Source Files\Kernel</Filter>
    </ClCompile>
    <ClCompile Include="User.c">
      <Filter>Source Files\User</Filter>
    </ClCompile>
    <ClCompile Include="User_showMessageBox.c">
      <Filter>Source Files\User</Filter>
    </ClCompile>
    <ClCompile Include="exception.c">
      <Filter>Source Files</Filter>
    </ClCompile>
    <ClCompile Include="Information_isEnabledUIAccess.c">
      <Filter>Source Files\Information</Filter>
    </ClCompile>
    <ClCompile Include="UserAudio.c">
      <Filter>Source Files\User</Filter>
    </ClCompile>
    <ClCompile Include="Kernel_setFreeze.c">
      <Filter>Source Files\Kernel</Filter>
    </ClCompile>
  </ItemGroup>
  <ItemGroup>
    <ClInclude Include="privilege.h">
      <Filter>Header Files</Filter>
    </ClInclude>
    <ClInclude Include="keylogger.h">
      <Filter>Header Files</Filter>
    </ClInclude>
    <ClInclude Include="register_native.h">
      <Filter>Header Files</Filter>
    </ClInclude>
    <ClInclude Include="native.h">
      <Filter>Header Files</Filter>
    </ClInclude>
    <ClInclude Include="shutdown_handler.h">
      <Filter>Header Files</Filter>
    </ClInclude>
    <ClInclude Include="initialize.h">
      <Filter>Header Files</Filter>
    </ClInclude>
    <ClInclude Include="screen_freezer.h">
      <Filter>Header Files</Filter>
    </ClInclude>
    <ClInclude Include="Kernel.h">
      <Filter>Header Files\Java</Filter>
    </ClInclude>
    <ClInclude Include="Information.h">
      <Filter>Header Files\Java</Filter>
    </ClInclude>
    <ClInclude Include="User.h">
      <Filter>Header Files\Java</Filter>
    </ClInclude>
    <ClInclude Include="exception.h">
      <Filter>Header Files</Filter>
    </ClInclude>
    <ClInclude Include="instance.h">
      <Filter>Header Files</Filter>
    </ClInclude>
  </ItemGroup>
</Project>