
Microsoft Visual Studio Solution File, Format Version 12.00
# Visual Studio Version 17
VisualStudioVersion = 17.7.34031.279
MinimumVisualStudioVersion = 10.0.40219.1
Project("{8BC9CEB8-8B4A-11D0-8D11-00A0C91BC942}") = "Native Library", "Native Library.vcxproj", "{CC02313D-11E7-42E5-96C9-56332288ACE8}"
EndProject
Global
	GlobalSection(SolutionConfigurationPlatforms) = preSolution
		Debug|x64 = Debug|x64
		Debug|x86 = Debug|x86
		Release|x64 = Release|x64
		Release|x86 = Release|x86
	EndGlobalSection
	GlobalSection(ProjectConfigurationPlatforms) = postSolution
		{CC02313D-11E7-42E5-96C9-56332288ACE8}.Debug|x64.ActiveCfg = Debug|x64
		{CC02313D-11E7-42E5-96C9-56332288ACE8}.Debug|x64.Build.0 = Debug|x64
		{CC02313D-11E7-42E5-96C9-56332288ACE8}.Debug|x86.ActiveCfg = Debug|Win32
		{CC02313D-11E7-42E5-96C9-56332288ACE8}.Debug|x86.Build.0 = Debug|Win32
		{CC02313D-11E7-42E5-96C9-56332288ACE8}.Release|x64.ActiveCfg = Release|x64
		{CC02313D-11E7-42E5-96C9-56332288ACE8}.Release|x64.Build.0 = Release|x64
		{CC02313D-11E7-42E5-96C9-56332288ACE8}.Release|x86.ActiveCfg = Release|Win32
		{CC02313D-11E7-42E5-96C9-56332288ACE8}.Release|x86.Build.0 = Release|Win32
	EndGlobalSection
	GlobalSection(SolutionProperties) = preSolution
		HideSolutionNode = FALSE
	EndGlobalSection
	GlobalSection(ExtensibilityGlobals) = postSolution
		SolutionGuid = {4CB75D69-A5B0-4638-9B39-BDB4110284B1}
	EndGlobalSection
EndGlobal
