
Microsoft Visual Studio Solution File, Format Version 12.00
# Visual Studio Version 17
VisualStudioVersion = 17.7.34031.279
MinimumVisualStudioVersion = 10.0.40219.1
Project("{8BC9CEB8-8B4A-11D0-8D11-00A0C91BC942}") = "Hackontrol", "Hackontrol.vcxproj", "{0DA1DA34-C493-4E74-9BC5-087D16BE4509}"
EndProject
Global
	GlobalSection(SolutionConfigurationPlatforms) = preSolution
		Debug|x64 = Debug|x64
		Debug|x86 = Debug|x86
		Release|x64 = Release|x64
		Release|x86 = Release|x86
	EndGlobalSection
	GlobalSection(ProjectConfigurationPlatforms) = postSolution
		{0DA1DA34-C493-4E74-9BC5-087D16BE4509}.Debug|x64.ActiveCfg = Debug|x64
		{0DA1DA34-C493-4E74-9BC5-087D16BE4509}.Debug|x64.Build.0 = Debug|x64
		{0DA1DA34-C493-4E74-9BC5-087D16BE4509}.Debug|x86.ActiveCfg = Debug|Win32
		{0DA1DA34-C493-4E74-9BC5-087D16BE4509}.Debug|x86.Build.0 = Debug|Win32
		{0DA1DA34-C493-4E74-9BC5-087D16BE4509}.Release|x64.ActiveCfg = Release|x64
		{0DA1DA34-C493-4E74-9BC5-087D16BE4509}.Release|x64.Build.0 = Release|x64
		{0DA1DA34-C493-4E74-9BC5-087D16BE4509}.Release|x86.ActiveCfg = Release|Win32
		{0DA1DA34-C493-4E74-9BC5-087D16BE4509}.Release|x86.Build.0 = Release|Win32
	EndGlobalSection
	GlobalSection(SolutionProperties) = preSolution
		HideSolutionNode = FALSE
	EndGlobalSection
	GlobalSection(ExtensibilityGlobals) = postSolution
		SolutionGuid = {24039235-D869-4442-99FC-DF75A468A5F0}
	EndGlobalSection
EndGlobal
