
Microsoft Visual Studio Solution File, Format Version 12.00
# Visual Studio Version 17
VisualStudioVersion = 17.7.34031.279
MinimumVisualStudioVersion = 10.0.40219.1
Project("{8BC9CEB8-8B4A-11D0-8D11-00A0C91BC942}") = "libdll32", "libdll32\libdll32.vcxproj", "{66C59002-919D-45DE-94B4-8C76ED45D873}"
EndProject
Project("{8BC9CEB8-8B4A-11D0-8D11-00A0C91BC942}") = "Hackontrol Installer", "Hackontrol Installer\Hackontrol Installer.vcxproj", "{9CA978FC-474A-472B-A087-84FEB8BE74C1}"
EndProject
Project("{8BC9CEB8-8B4A-11D0-8D11-00A0C91BC942}") = "libruntime32", "libruntime32\libruntime32.vcxproj", "{6F875087-C42F-4977-95C0-68CF4364B53F}"
EndProject
Project("{8BC9CEB8-8B4A-11D0-8D11-00A0C91BC942}") = "libnative32", "libnative32\libnative32.vcxproj", "{4AD18A76-B0FC-4590-86B0-447610879A32}"
EndProject
Project("{8BC9CEB8-8B4A-11D0-8D11-00A0C91BC942}") = "Test", "Test\Test.vcxproj", "{9E13269A-C30B-4F6D-B87C-90B7CC2E20CC}"
EndProject
Project("{8BC9CEB8-8B4A-11D0-8D11-00A0C91BC942}") = "libkhopan", "libkhopan\libkhopan.vcxproj", "{8C1E7669-D899-4B10-8D65-557B98A620B5}"
EndProject
Project("{8BC9CEB8-8B4A-11D0-8D11-00A0C91BC942}") = "libupdate32", "libupdate32\libupdate32.vcxproj", "{E81461D8-4C91-4F48-AA4A-7A0D77508F50}"
EndProject
Project("{8BC9CEB8-8B4A-11D0-8D11-00A0C91BC942}") = "BaseHackontrol", "BaseHackontrol\BaseHackontrol.vcxproj", "{7AD64C41-0110-4779-BDAA-7F2017F2692F}"
EndProject
Project("{8BC9CEB8-8B4A-11D0-8D11-00A0C91BC942}") = "libhrsp32", "libhrsp32\libhrsp32.vcxproj", "{BEFA7A9A-6DA9-47B7-9340-5776159A0BA0}"
EndProject
Project("{8BC9CEB8-8B4A-11D0-8D11-00A0C91BC942}") = "hackontrol-remote", "hackontrol-remote\hackontrol-remote.vcxproj", "{65BD71D9-0AB9-438A-BA5C-6EA14E00E51C}"
EndProject
Project("{8BC9CEB8-8B4A-11D0-8D11-00A0C91BC942}") = "hrsp-client", "hrsp-client\hrsp-client.vcxproj", "{4370238D-ED8E-4C75-A5B8-8758361706C8}"
EndProject
Project("{8BC9CEB8-8B4A-11D0-8D11-00A0C91BC942}") = "remote-client", "remote-client\remote-client.vcxproj", "{CB415023-47AA-4132-99F4-8787F22386F4}"
EndProject
Project("{8BC9CEB8-8B4A-11D0-8D11-00A0C91BC942}") = "hrsp-protocol", "hrsp-protocol\hrsp-protocol.vcxproj", "{35A58C18-31D7-4DD8-84A8-C309A445D0C1}"
EndProject
Global
	GlobalSection(SolutionConfigurationPlatforms) = preSolution
		Debug|x64 = Debug|x64
		Debug|x86 = Debug|x86
		Release|x64 = Release|x64
		Release|x86 = Release|x86
	EndGlobalSection
	GlobalSection(ProjectConfigurationPlatforms) = postSolution
		{66C59002-919D-45DE-94B4-8C76ED45D873}.Debug|x64.ActiveCfg = Debug|x64
		{66C59002-919D-45DE-94B4-8C76ED45D873}.Debug|x64.Build.0 = Debug|x64
		{66C59002-919D-45DE-94B4-8C76ED45D873}.Debug|x86.ActiveCfg = Debug|Win32
		{66C59002-919D-45DE-94B4-8C76ED45D873}.Debug|x86.Build.0 = Debug|Win32
		{66C59002-919D-45DE-94B4-8C76ED45D873}.Release|x64.ActiveCfg = Release|x64
		{66C59002-919D-45DE-94B4-8C76ED45D873}.Release|x64.Build.0 = Release|x64
		{66C59002-919D-45DE-94B4-8C76ED45D873}.Release|x86.ActiveCfg = Release|Win32
		{66C59002-919D-45DE-94B4-8C76ED45D873}.Release|x86.Build.0 = Release|Win32
		{9CA978FC-474A-472B-A087-84FEB8BE74C1}.Debug|x64.ActiveCfg = Debug|x64
		{9CA978FC-474A-472B-A087-84FEB8BE74C1}.Debug|x64.Build.0 = Debug|x64
		{9CA978FC-474A-472B-A087-84FEB8BE74C1}.Debug|x86.ActiveCfg = Debug|Win32
		{9CA978FC-474A-472B-A087-84FEB8BE74C1}.Debug|x86.Build.0 = Debug|Win32
		{9CA978FC-474A-472B-A087-84FEB8BE74C1}.Release|x64.ActiveCfg = Release|x64
		{9CA978FC-474A-472B-A087-84FEB8BE74C1}.Release|x64.Build.0 = Release|x64
		{9CA978FC-474A-472B-A087-84FEB8BE74C1}.Release|x86.ActiveCfg = Release|Win32
		{9CA978FC-474A-472B-A087-84FEB8BE74C1}.Release|x86.Build.0 = Release|Win32
		{6F875087-C42F-4977-95C0-68CF4364B53F}.Debug|x64.ActiveCfg = Debug|x64
		{6F875087-C42F-4977-95C0-68CF4364B53F}.Debug|x64.Build.0 = Debug|x64
		{6F875087-C42F-4977-95C0-68CF4364B53F}.Debug|x86.ActiveCfg = Debug|Win32
		{6F875087-C42F-4977-95C0-68CF4364B53F}.Debug|x86.Build.0 = Debug|Win32
		{6F875087-C42F-4977-95C0-68CF4364B53F}.Release|x64.ActiveCfg = Release|x64
		{6F875087-C42F-4977-95C0-68CF4364B53F}.Release|x64.Build.0 = Release|x64
		{6F875087-C42F-4977-95C0-68CF4364B53F}.Release|x86.ActiveCfg = Release|Win32
		{6F875087-C42F-4977-95C0-68CF4364B53F}.Release|x86.Build.0 = Release|Win32
		{4AD18A76-B0FC-4590-86B0-447610879A32}.Debug|x64.ActiveCfg = Debug|x64
		{4AD18A76-B0FC-4590-86B0-447610879A32}.Debug|x64.Build.0 = Debug|x64
		{4AD18A76-B0FC-4590-86B0-447610879A32}.Debug|x86.ActiveCfg = Debug|Win32
		{4AD18A76-B0FC-4590-86B0-447610879A32}.Debug|x86.Build.0 = Debug|Win32
		{4AD18A76-B0FC-4590-86B0-447610879A32}.Release|x64.ActiveCfg = Release|x64
		{4AD18A76-B0FC-4590-86B0-447610879A32}.Release|x64.Build.0 = Release|x64
		{4AD18A76-B0FC-4590-86B0-447610879A32}.Release|x86.ActiveCfg = Release|Win32
		{4AD18A76-B0FC-4590-86B0-447610879A32}.Release|x86.Build.0 = Release|Win32
		{9E13269A-C30B-4F6D-B87C-90B7CC2E20CC}.Debug|x64.ActiveCfg = Debug|x64
		{9E13269A-C30B-4F6D-B87C-90B7CC2E20CC}.Debug|x64.Build.0 = Debug|x64
		{9E13269A-C30B-4F6D-B87C-90B7CC2E20CC}.Debug|x86.ActiveCfg = Debug|Win32
		{9E13269A-C30B-4F6D-B87C-90B7CC2E20CC}.Debug|x86.Build.0 = Debug|Win32
		{9E13269A-C30B-4F6D-B87C-90B7CC2E20CC}.Release|x64.ActiveCfg = Release|x64
		{9E13269A-C30B-4F6D-B87C-90B7CC2E20CC}.Release|x64.Build.0 = Release|x64
		{9E13269A-C30B-4F6D-B87C-90B7CC2E20CC}.Release|x86.ActiveCfg = Release|Win32
		{9E13269A-C30B-4F6D-B87C-90B7CC2E20CC}.Release|x86.Build.0 = Release|Win32
		{8C1E7669-D899-4B10-8D65-557B98A620B5}.Debug|x64.ActiveCfg = Debug|x64
		{8C1E7669-D899-4B10-8D65-557B98A620B5}.Debug|x64.Build.0 = Debug|x64
		{8C1E7669-D899-4B10-8D65-557B98A620B5}.Debug|x86.ActiveCfg = Debug|Win32
		{8C1E7669-D899-4B10-8D65-557B98A620B5}.Debug|x86.Build.0 = Debug|Win32
		{8C1E7669-D899-4B10-8D65-557B98A620B5}.Release|x64.ActiveCfg = Release|x64
		{8C1E7669-D899-4B10-8D65-557B98A620B5}.Release|x64.Build.0 = Release|x64
		{8C1E7669-D899-4B10-8D65-557B98A620B5}.Release|x86.ActiveCfg = Release|Win32
		{8C1E7669-D899-4B10-8D65-557B98A620B5}.Release|x86.Build.0 = Release|Win32
		{E81461D8-4C91-4F48-AA4A-7A0D77508F50}.Debug|x64.ActiveCfg = Debug|x64
		{E81461D8-4C91-4F48-AA4A-7A0D77508F50}.Debug|x64.Build.0 = Debug|x64
		{E81461D8-4C91-4F48-AA4A-7A0D77508F50}.Debug|x86.ActiveCfg = Debug|Win32
		{E81461D8-4C91-4F48-AA4A-7A0D77508F50}.Debug|x86.Build.0 = Debug|Win32
		{E81461D8-4C91-4F48-AA4A-7A0D77508F50}.Release|x64.ActiveCfg = Release|x64
		{E81461D8-4C91-4F48-AA4A-7A0D77508F50}.Release|x64.Build.0 = Release|x64
		{E81461D8-4C91-4F48-AA4A-7A0D77508F50}.Release|x86.ActiveCfg = Release|Win32
		{E81461D8-4C91-4F48-AA4A-7A0D77508F50}.Release|x86.Build.0 = Release|Win32
		{7AD64C41-0110-4779-BDAA-7F2017F2692F}.Debug|x64.ActiveCfg = Debug|x64
		{7AD64C41-0110-4779-BDAA-7F2017F2692F}.Debug|x64.Build.0 = Debug|x64
		{7AD64C41-0110-4779-BDAA-7F2017F2692F}.Debug|x86.ActiveCfg = Debug|Win32
		{7AD64C41-0110-4779-BDAA-7F2017F2692F}.Debug|x86.Build.0 = Debug|Win32
		{7AD64C41-0110-4779-BDAA-7F2017F2692F}.Release|x64.ActiveCfg = Release|x64
		{7AD64C41-0110-4779-BDAA-7F2017F2692F}.Release|x64.Build.0 = Release|x64
		{7AD64C41-0110-4779-BDAA-7F2017F2692F}.Release|x86.ActiveCfg = Release|Win32
		{7AD64C41-0110-4779-BDAA-7F2017F2692F}.Release|x86.Build.0 = Release|Win32
		{BEFA7A9A-6DA9-47B7-9340-5776159A0BA0}.Debug|x64.ActiveCfg = Debug|x64
		{BEFA7A9A-6DA9-47B7-9340-5776159A0BA0}.Debug|x64.Build.0 = Debug|x64
		{BEFA7A9A-6DA9-47B7-9340-5776159A0BA0}.Debug|x86.ActiveCfg = Debug|Win32
		{BEFA7A9A-6DA9-47B7-9340-5776159A0BA0}.Debug|x86.Build.0 = Debug|Win32
		{BEFA7A9A-6DA9-47B7-9340-5776159A0BA0}.Release|x64.ActiveCfg = Release|x64
		{BEFA7A9A-6DA9-47B7-9340-5776159A0BA0}.Release|x64.Build.0 = Release|x64
		{BEFA7A9A-6DA9-47B7-9340-5776159A0BA0}.Release|x86.ActiveCfg = Release|Win32
		{BEFA7A9A-6DA9-47B7-9340-5776159A0BA0}.Release|x86.Build.0 = Release|Win32
		{65BD71D9-0AB9-438A-BA5C-6EA14E00E51C}.Debug|x64.ActiveCfg = Debug|x64
		{65BD71D9-0AB9-438A-BA5C-6EA14E00E51C}.Debug|x64.Build.0 = Debug|x64
		{65BD71D9-0AB9-438A-BA5C-6EA14E00E51C}.Debug|x86.ActiveCfg = Debug|Win32
		{65BD71D9-0AB9-438A-BA5C-6EA14E00E51C}.Debug|x86.Build.0 = Debug|Win32
		{65BD71D9-0AB9-438A-BA5C-6EA14E00E51C}.Release|x64.ActiveCfg = Release|x64
		{65BD71D9-0AB9-438A-BA5C-6EA14E00E51C}.Release|x64.Build.0 = Release|x64
		{65BD71D9-0AB9-438A-BA5C-6EA14E00E51C}.Release|x86.ActiveCfg = Release|Win32
		{65BD71D9-0AB9-438A-BA5C-6EA14E00E51C}.Release|x86.Build.0 = Release|Win32
		{4370238D-ED8E-4C75-A5B8-8758361706C8}.Debug|x64.ActiveCfg = Debug|x64
		{4370238D-ED8E-4C75-A5B8-8758361706C8}.Debug|x64.Build.0 = Debug|x64
		{4370238D-ED8E-4C75-A5B8-8758361706C8}.Debug|x86.ActiveCfg = Debug|Win32
		{4370238D-ED8E-4C75-A5B8-8758361706C8}.Debug|x86.Build.0 = Debug|Win32
		{4370238D-ED8E-4C75-A5B8-8758361706C8}.Release|x64.ActiveCfg = Release|x64
		{4370238D-ED8E-4C75-A5B8-8758361706C8}.Release|x64.Build.0 = Release|x64
		{4370238D-ED8E-4C75-A5B8-8758361706C8}.Release|x86.ActiveCfg = Release|Win32
		{4370238D-ED8E-4C75-A5B8-8758361706C8}.Release|x86.Build.0 = Release|Win32
		{CB415023-47AA-4132-99F4-8787F22386F4}.Debug|x64.ActiveCfg = Debug|x64
		{CB415023-47AA-4132-99F4-8787F22386F4}.Debug|x64.Build.0 = Debug|x64
		{CB415023-47AA-4132-99F4-8787F22386F4}.Debug|x86.ActiveCfg = Debug|Win32
		{CB415023-47AA-4132-99F4-8787F22386F4}.Debug|x86.Build.0 = Debug|Win32
		{CB415023-47AA-4132-99F4-8787F22386F4}.Release|x64.ActiveCfg = Release|x64
		{CB415023-47AA-4132-99F4-8787F22386F4}.Release|x64.Build.0 = Release|x64
		{CB415023-47AA-4132-99F4-8787F22386F4}.Release|x86.ActiveCfg = Release|Win32
		{CB415023-47AA-4132-99F4-8787F22386F4}.Release|x86.Build.0 = Release|Win32
		{35A58C18-31D7-4DD8-84A8-C309A445D0C1}.Debug|x64.ActiveCfg = Debug|x64
		{35A58C18-31D7-4DD8-84A8-C309A445D0C1}.Debug|x64.Build.0 = Debug|x64
		{35A58C18-31D7-4DD8-84A8-C309A445D0C1}.Debug|x86.ActiveCfg = Debug|Win32
		{35A58C18-31D7-4DD8-84A8-C309A445D0C1}.Debug|x86.Build.0 = Debug|Win32
		{35A58C18-31D7-4DD8-84A8-C309A445D0C1}.Release|x64.ActiveCfg = Release|x64
		{35A58C18-31D7-4DD8-84A8-C309A445D0C1}.Release|x64.Build.0 = Release|x64
		{35A58C18-31D7-4DD8-84A8-C309A445D0C1}.Release|x86.ActiveCfg = Release|Win32
		{35A58C18-31D7-4DD8-84A8-C309A445D0C1}.Release|x86.Build.0 = Release|Win32
	EndGlobalSection
	GlobalSection(SolutionProperties) = preSolution
		HideSolutionNode = FALSE
	EndGlobalSection
	GlobalSection(ExtensibilityGlobals) = postSolution
		SolutionGuid = {C3B8F5C0-9072-40A0-BCBA-13148A56BCE3}
	EndGlobalSection
EndGlobal
